
Microsoft Visual Studio Solution File, Format Version 12.00
# Visual Studio Version 17
VisualStudioVersion = 17.5.002.0
MinimumVisualStudioVersion = 10.0.40219.1
Project("{9A19103F-16F7-4668-BE54-9A1E7A4F7556}") = "day1", "day1.csproj", "{33F5F68A-E207-43CD-B5F0-82F07E4D152E}"
EndProject
Global
	GlobalSection(SolutionConfigurationPlatforms) = preSolution
		Debug|Any CPU = Debug|Any CPU
		Release|Any CPU = Release|Any CPU
	EndGlobalSection
	GlobalSection(ProjectConfigurationPlatforms) = postSolution
		{33F5F68A-E207-43CD-B5F0-82F07E4D152E}.Debug|Any CPU.ActiveCfg = Debug|Any CPU
		{33F5F68A-E207-43CD-B5F0-82F07E4D152E}.Debug|Any CPU.Build.0 = Debug|Any CPU
		{33F5F68A-E207-43CD-B5F0-82F07E4D152E}.Release|Any CPU.ActiveCfg = Release|Any CPU
		{33F5F68A-E207-43CD-B5F0-82F07E4D152E}.Release|Any CPU.Build.0 = Release|Any CPU
	EndGlobalSection
	GlobalSection(SolutionProperties) = preSolution
		HideSolutionNode = FALSE
	EndGlobalSection
	GlobalSection(ExtensibilityGlobals) = postSolution
		SolutionGuid = {E2579791-DB05-4C45-B7DE-D5A982D602E1}
	EndGlobalSection
EndGlobal
